{
  "name": "querify",
  "lockfileVersion": 3,
  "requires": true,
  "packages": {
    "": {
      "dependencies": {
        "@react-navigation/native-stack": "^6.9.12",
        "react-native-paper": "^5.8.0"
      }
    },
    "node_modules/@callstack/react-theme-provider": {
      "version": "3.0.8",
      "resolved": "https://registry.npmjs.org/@callstack/react-theme-provider/-/react-theme-provider-3.0.8.tgz",
      "integrity": "sha512-5U231sYY2sqQOaELX0WBCn+iluV8bFaXIS7em03k4W5Xz0AhGvKlnpLIhDGFP8im/SvNW7/2XoR0BsClhn9t6Q==",
      "dependencies": {
        "deepmerge": "^3.2.0",
        "hoist-non-react-statics": "^3.3.0"
      },
      "peerDependencies": {
        "react": ">=16.3.0"
      }
    },
    "node_modules/@react-navigation/elements": {
      "version": "1.3.17",
      "resolved": "https://registry.npmjs.org/@react-navigation/elements/-/elements-1.3.17.tgz",
      "integrity": "sha512-sui8AzHm6TxeEvWT/NEXlz3egYvCUog4tlXA4Xlb2Vxvy3purVXDq/XsM56lJl344U5Aj/jDzkVanOTMWyk4UA==",
      "peerDependencies": {
        "@react-navigation/native": "^6.0.0",
        "react": "*",
        "react-native": "*",
        "react-native-safe-area-context": ">= 3.0.0"
      }
    },
    "node_modules/@react-navigation/native-stack": {
      "version": "6.9.12",
      "resolved": "https://registry.npmjs.org/@react-navigation/native-stack/-/native-stack-6.9.12.tgz",
      "integrity": "sha512-kS2zXCWP0Rgt7uWaCUKrRl7U2U1Gp19rM1kyRY2YzBPXhWGVPjQ2ygBp88CTQzjgy8M07H/79jvGiZ0mlEJI+g==",
      "dependencies": {
        "@react-navigation/elements": "^1.3.17",
        "warn-once": "^0.1.0"
      },
      "peerDependencies": {
        "@react-navigation/native": "^6.0.0",
        "react": "*",
        "react-native": "*",
        "react-native-safe-area-context": ">= 3.0.0",
        "react-native-screens": ">= 3.0.0"
      }
    },
    "node_modules/color": {
      "version": "3.2.1",
      "resolved": "https://registry.npmjs.org/color/-/color-3.2.1.tgz",
      "integrity": "sha512-aBl7dZI9ENN6fUGC7mWpMTPNHmWUSNan9tuWN6ahh5ZLNk9baLJOnSMlrQkHcrfFgz2/RigjUVAjdx36VcemKA==",
      "dependencies": {
        "color-convert": "^1.9.3",
        "color-string": "^1.6.0"
      }
    },
    "node_modules/color-convert": {
      "version": "1.9.3",
      "resolved": "https://registry.npmjs.org/color-convert/-/color-convert-1.9.3.tgz",
      "integrity": "sha512-QfAUtd+vFdAtFQcC8CCyYt1fYWxSqAiK2cSD6zDB8N3cpsEBAvRxp9zOGg6G/SHHJYAT88/az/IuDGALsNVbGg==",
      "dependencies": {
        "color-name": "1.1.3"
      }
    },
    "node_modules/color-name": {
      "version": "1.1.3",
      "resolved": "https://registry.npmjs.org/color-name/-/color-name-1.1.3.tgz",
      "integrity": "sha512-72fSenhMw2HZMTVHeCA9KCmpEIbzWiQsjN+BHcBbS9vr1mtt+vJjPdksIBNUmKAW8TFUDPJK5SUU3QhE9NEXDw=="
    },
    "node_modules/color-string": {
      "version": "1.9.1",
      "resolved": "https://registry.npmjs.org/color-string/-/color-string-1.9.1.tgz",
      "integrity": "sha512-shrVawQFojnZv6xM40anx4CkoDP+fZsw/ZerEMsW/pyzsRbElpsL/DBVW7q3ExxwusdNXI3lXpuhEZkzs8p5Eg==",
      "dependencies": {
        "color-name": "^1.0.0",
        "simple-swizzle": "^0.2.2"
      }
    },
    "node_modules/deepmerge": {
      "version": "3.3.0",
      "resolved": "https://registry.npmjs.org/deepmerge/-/deepmerge-3.3.0.tgz",
      "integrity": "sha512-GRQOafGHwMHpjPx9iCvTgpu9NojZ49q794EEL94JVEw6VaeA8XTUyBKvAkOOjBX9oJNiV6G3P+T+tihFjo2TqA==",
      "engines": {
        "node": ">=0.10.0"
      }
    },
    "node_modules/hoist-non-react-statics": {
      "version": "3.3.2",
      "resolved": "https://registry.npmjs.org/hoist-non-react-statics/-/hoist-non-react-statics-3.3.2.tgz",
      "integrity": "sha512-/gGivxi8JPKWNm/W0jSmzcMPpfpPLc3dY/6GxhX2hQ9iGj3aDfklV4ET7NjKpSinLpJ5vafa9iiGIEZg10SfBw==",
      "dependencies": {
        "react-is": "^16.7.0"
      }
    },
    "node_modules/is-arrayish": {
      "version": "0.3.2",
      "resolved": "https://registry.npmjs.org/is-arrayish/-/is-arrayish-0.3.2.tgz",
      "integrity": "sha512-eVRqCvVlZbuw3GrM63ovNSNAeA1K16kaR/LRY/92w0zxQ5/1YzwblUX652i4Xs9RwAGjW9d9y6X88t8OaAJfWQ=="
    },
    "node_modules/react-is": {
      "version": "16.13.1",
      "resolved": "https://registry.npmjs.org/react-is/-/react-is-16.13.1.tgz",
      "integrity": "sha512-24e6ynE2H+OKt4kqsOvNd8kBpV65zoxbA4BVsEOB3ARVWQki/DHzaUoC5KuON/BiccDaCCTZBuOcfZs70kR8bQ=="
    },
    "node_modules/react-native-paper": {
      "version": "5.8.0",
      "resolved": "https://registry.npmjs.org/react-native-paper/-/react-native-paper-5.8.0.tgz",
      "integrity": "sha512-Mde8KkWt+9VD+KMqGK5VyTskJLZCsF/gAQQxoLgRlC2C8RmVPgyG0xhgu1sD3ED7T7FewE8cKrQm+soB9FAD1Q==",
      "dependencies": {
        "@callstack/react-theme-provider": "^3.0.8",
        "color": "^3.1.2",
        "use-latest-callback": "^0.1.5"
      },
      "peerDependencies": {
        "react": "*",
        "react-native": "*",
        "react-native-safe-area-context": "*",
        "react-native-vector-icons": "*"
      }
    },
    "node_modules/simple-swizzle": {
      "version": "0.2.2",
      "resolved": "https://registry.npmjs.org/simple-swizzle/-/simple-swizzle-0.2.2.tgz",
      "integrity": "sha512-JA//kQgZtbuY83m+xT+tXJkmJncGMTFT+C+g2h2R9uxkYIrE2yy9sgmcLhCnw57/WSD+Eh3J97FPEDFnbXnDUg==",
      "dependencies": {
        "is-arrayish": "^0.3.1"
      }
    },
    "node_modules/use-latest-callback": {
      "version": "0.1.6",
      "resolved": "https://registry.npmjs.org/use-latest-callback/-/use-latest-callback-0.1.6.tgz",
      "integrity": "sha512-VO/P91A/PmKH9bcN9a7O3duSuxe6M14ZoYXgA6a8dab8doWNdhiIHzEkX/jFeTTRBsX0Ubk6nG4q2NIjNsj+bg==",
      "peerDependencies": {
        "react": ">=16.8"
      }
    },
    "node_modules/warn-once": {
      "version": "0.1.1",
      "resolved": "https://registry.npmjs.org/warn-once/-/warn-once-0.1.1.tgz",
      "integrity": "sha512-VkQZJbO8zVImzYFteBXvBOZEl1qL175WH8VmZcxF2fZAoudNhNDvHi+doCaAEdU2l2vtcIwa2zn0QK5+I1HQ3Q=="
    }
  }
}
